Microsoft Visual Studio Solution File, Format Version 12.00
# Visual Studio Version 16
VisualStudioVersion = 16.0.29519.181
MinimumVisualStudioVersion = 10.0.40219.1
Project("{FAE04EC0-301F-11D3-BF4B-00C04F79EFBC}") = "LethalLearning", "LethalLearning.csproj", "{51849B42-7195-4F23-82BC-21F650052F69}"
EndProject
Global
	GlobalSection(SolutionConfigurationPlatforms) = preSolution
		Debug|Any CPU = Debug|Any CPU
		Debug|x64 = Debug|x64
		Debug|x86 = Debug|x86
		DebugMono|Any CPU = DebugMono|Any CPU
		DebugMono|x64 = DebugMono|x64
		DebugMono|x86 = DebugMono|x86
		DebugMonoPY3|Any CPU = DebugMonoPY3|Any CPU
		DebugMonoPY3|x64 = DebugMonoPY3|x64
		DebugMonoPY3|x86 = DebugMonoPY3|x86
		DebugWin|Any CPU = DebugWin|Any CPU
		DebugWin|x64 = DebugWin|x64
		DebugWin|x86 = DebugWin|x86
		DebugWinPY3|Any CPU = DebugWinPY3|Any CPU
		DebugWinPY3|x64 = DebugWinPY3|x64
		DebugWinPY3|x86 = DebugWinPY3|x86
		Release|Any CPU = Release|Any CPU
		Release|x64 = Release|x64
		Release|x86 = Release|x86
		ReleaseMono|Any CPU = ReleaseMono|Any CPU
		ReleaseMono|x64 = ReleaseMono|x64
		ReleaseMono|x86 = ReleaseMono|x86
		ReleaseMonoPY3|Any CPU = ReleaseMonoPY3|Any CPU
		ReleaseMonoPY3|x64 = ReleaseMonoPY3|x64
		ReleaseMonoPY3|x86 = ReleaseMonoPY3|x86
		ReleaseWin|Any CPU = ReleaseWin|Any CPU
		ReleaseWin|x64 = ReleaseWin|x64
		ReleaseWin|x86 = ReleaseWin|x86
		ReleaseWinPY3|Any CPU = ReleaseWinPY3|Any CPU
		ReleaseWinPY3|x64 = ReleaseWinPY3|x64
		ReleaseWinPY3|x86 = ReleaseWinPY3|x86
	EndGlobalSection
	GlobalSection(ProjectConfigurationPlatforms) = postSolution
		{51849B42-7195-4F23-82BC-21F650052F69}.Debug|Any CPU.ActiveCfg = Debug|Any CPU
		{51849B42-7195-4F23-82BC-21F650052F69}.Debug|Any CPU.Build.0 = Debug|Any CPU
		{51849B42-7195-4F23-82BC-21F650052F69}.Debug|x64.ActiveCfg = Debug|Any CPU
		{51849B42-7195-4F23-82BC-21F650052F69}.Debug|x64.Build.0 = Debug|Any CPU
		{51849B42-7195-4F23-82BC-21F650052F69}.Debug|x86.ActiveCfg = Debug|Any CPU
		{51849B42-7195-4F23-82BC-21F650052F69}.Debug|x86.Build.0 = Debug|Any CPU
		{51849B42-7195-4F23-82BC-21F650052F69}.DebugMono|Any CPU.ActiveCfg = Debug|Any CPU
		{51849B42-7195-4F23-82BC-21F650052F69}.DebugMono|Any CPU.Build.0 = Debug|Any CPU
		{51849B42-7195-4F23-82BC-21F650052F69}.DebugMono|x64.ActiveCfg = Debug|Any CPU
		{51849B42-7195-4F23-82BC-21F650052F69}.DebugMono|x64.Build.0 = Debug|Any CPU
		{51849B42-7195-4F23-82BC-21F650052F69}.DebugMono|x86.ActiveCfg = Debug|Any CPU
		{51849B42-7195-4F23-82BC-21F650052F69}.DebugMono|x86.Build.0 = Debug|Any CPU
		{51849B42-7195-4F23-82BC-21F650052F69}.DebugMonoPY3|Any CPU.ActiveCfg = Debug|Any CPU
		{51849B42-7195-4F23-82BC-21F650052F69}.DebugMonoPY3|Any CPU.Build.0 = Debug|Any CPU
		{51849B42-7195-4F23-82BC-21F650052F69}.DebugMonoPY3|x64.ActiveCfg = Debug|Any CPU
		{51849B42-7195-4F23-82BC-21F650052F69}.DebugMonoPY3|x64.Build.0 = Debug|Any CPU
		{51849B42-7195-4F23-82BC-21F650052F69}.DebugMonoPY3|x86.ActiveCfg = Debug|Any CPU
		{51849B42-7195-4F23-82BC-21F650052F69}.DebugMonoPY3|x86.Build.0 = Debug|Any CPU
		{51849B42-7195-4F23-82BC-21F650052F69}.DebugWin|Any CPU.ActiveCfg = Debug|Any CPU
		{51849B42-7195-4F23-82BC-21F650052F69}.DebugWin|Any CPU.Build.0 = Debug|Any CPU
		{51849B42-7195-4F23-82BC-21F650052F69}.DebugWin|x64.ActiveCfg = Debug|Any CPU
		{51849B42-7195-4F23-82BC-21F650052F69}.DebugWin|x64.Build.0 = Debug|Any CPU
		{51849B42-7195-4F23-82BC-21F650052F69}.DebugWin|x86.ActiveCfg = Debug|Any CPU
		{51849B42-7195-4F23-82BC-21F650052F69}.DebugWin|x86.Build.0 = Debug|Any CPU
		{51849B42-7195-4F23-82BC-21F650052F69}.DebugWinPY3|Any CPU.ActiveCfg = Debug|Any CPU
		{51849B42-7195-4F23-82BC-21F650052F69}.DebugWinPY3|Any CPU.Build.0 = Debug|Any CPU
		{51849B42-7195-4F23-82BC-21F650052F69}.DebugWinPY3|x64.ActiveCfg = Debug|Any CPU
		{51849B42-7195-4F23-82BC-21F650052F69}.DebugWinPY3|x64.Build.0 = Debug|Any CPU
		{51849B42-7195-4F23-82BC-21F650052F69}.DebugWinPY3|x86.ActiveCfg = Debug|Any CPU
		{51849B42-7195-4F23-82BC-21F650052F69}.DebugWinPY3|x86.Build.0 = Debug|Any CPU
		{51849B42-7195-4F23-82BC-21F650052F69}.Release|Any CPU.ActiveCfg = Release|Any CPU
		{51849B42-7195-4F23-82BC-21F650052F69}.Release|Any CPU.Build.0 = Release|Any CPU
		{51849B42-7195-4F23-82BC-21F650052F69}.Release|x64.ActiveCfg = Release|Any CPU
		{51849B42-7195-4F23-82BC-21F650052F69}.Release|x64.Build.0 = Release|Any CPU
		{51849B42-7195-4F23-82BC-21F650052F69}.Release|x86.ActiveCfg = Release|Any CPU
		{51849B42-7195-4F23-82BC-21F650052F69}.Release|x86.Build.0 = Release|Any CPU
		{51849B42-7195-4F23-82BC-21F650052F69}.ReleaseMono|Any CPU.ActiveCfg = Release|Any CPU
		{51849B42-7195-4F23-82BC-21F650052F69}.ReleaseMono|Any CPU.Build.0 = Release|Any CPU
		{51849B42-7195-4F23-82BC-21F650052F69}.ReleaseMono|x64.ActiveCfg = Release|Any CPU
		{51849B42-7195-4F23-82BC-21F650052F69}.ReleaseMono|x64.Build.0 = Release|Any CPU
		{51849B42-7195-4F23-82BC-21F650052F69}.ReleaseMono|x86.ActiveCfg = Release|Any CPU
		{51849B42-7195-4F23-82BC-21F650052F69}.ReleaseMono|x86.Build.0 = Release|Any CPU
		{51849B42-7195-4F23-82BC-21F650052F69}.ReleaseMonoPY3|Any CPU.ActiveCfg = Release|Any CPU
		{51849B42-7195-4F23-82BC-21F650052F69}.ReleaseMonoPY3|Any CPU.Build.0 = Release|Any CPU
		{51849B42-7195-4F23-82BC-21F650052F69}.ReleaseMonoPY3|x64.ActiveCfg = Release|Any CPU
		{51849B42-7195-4F23-82BC-21F650052F69}.ReleaseMonoPY3|x64.Build.0 = Release|Any CPU
		{51849B42-7195-4F23-82BC-21F650052F69}.ReleaseMonoPY3|x86.ActiveCfg = Release|Any CPU
		{51849B42-7195-4F23-82BC-21F650052F69}.ReleaseMonoPY3|x86.Build.0 = Release|Any CPU
		{51849B42-7195-4F23-82BC-21F650052F69}.ReleaseWin|Any CPU.ActiveCfg = Release|Any CPU
		{51849B42-7195-4F23-82BC-21F650052F69}.ReleaseWin|Any CPU.Build.0 = Release|Any CPU
		{51849B42-7195-4F23-82BC-21F650052F69}.ReleaseWin|x64.ActiveCfg = Release|Any CPU
		{51849B42-7195-4F23-82BC-21F650052F69}.ReleaseWin|x64.Build.0 = Release|Any CPU
		{51849B42-7195-4F23-82BC-21F650052F69}.ReleaseWin|x86.ActiveCfg = Release|Any CPU
		{51849B42-7195-4F23-82BC-21F650052F69}.ReleaseWin|x86.Build.0 = Release|Any CPU
		{51849B42-7195-4F23-82BC-21F650052F69}.ReleaseWinPY3|Any CPU.ActiveCfg = Release|Any CPU
		{51849B42-7195-4F23-82BC-21F650052F69}.ReleaseWinPY3|Any CPU.Build.0 = Release|Any CPU
		{51849B42-7195-4F23-82BC-21F650052F69}.ReleaseWinPY3|x64.ActiveCfg = Release|Any CPU
		{51849B42-7195-4F23-82BC-21F650052F69}.ReleaseWinPY3|x64.Build.0 = Release|Any CPU
		{51849B42-7195-4F23-82BC-21F650052F69}.ReleaseWinPY3|x86.ActiveCfg = Release|Any CPU
		{51849B42-7195-4F23-82BC-21F650052F69}.ReleaseWinPY3|x86.Build.0 = Release|Any CPU
	EndGlobalSection
	GlobalSection(SolutionProperties) = preSolution
		HideSolutionNode = FALSE
	EndGlobalSection
	GlobalSection(ExtensibilityGlobals) = postSolution
		SolutionGuid = {E8281853-0119-4A24-89AD-246BB46C1BC4}
	EndGlobalSection
	GlobalSection(MonoDevelopProperties) = preSolution
		StartupItem = src\console\Console.csproj
		Policies = $0
		$0.VersionControlPolicy = $1
		$1.inheritsSet = Mono
		$0.ChangeLogPolicy = $2
		$2.UpdateMode = None
		$2.MessageStyle = $3
		$3.LineAlign = 0
		$2.inheritsSet = Mono
	EndGlobalSection
EndGlobal
